
Microsoft Visual Studio Solution File, Format Version 12.00
# Visual Studio Version 16
VisualStudioVersion = 16.0.30907.101
MinimumVisualStudioVersion = 10.0.40219.1
Project("{8BC9CEB8-8B4A-11D0-8D11-00A0C91BC942}") = "3_2", "3_2.vcxproj", "{49757017-BC91-4AF3-88AB-AE97435254CA}"
EndProject
Global
	GlobalSection(SolutionConfigurationPlatforms) = preSolution
		Debug|x64 = Debug|x64
		Debug|x86 = Debug|x86
		Release|x64 = Release|x64
		Release|x86 = Release|x86
	EndGlobalSection
	GlobalSection(ProjectConfigurationPlatforms) = postSolution
		{49757017-BC91-4AF3-88AB-AE97435254CA}.Debug|x64.ActiveCfg = Debug|x64
		{49757017-BC91-4AF3-88AB-AE97435254CA}.Debug|x64.Build.0 = Debug|x64
		{49757017-BC91-4AF3-88AB-AE97435254CA}.Debug|x86.ActiveCfg = Debug|Win32
		{49757017-BC91-4AF3-88AB-AE97435254CA}.Debug|x86.Build.0 = Debug|Win32
		{49757017-BC91-4AF3-88AB-AE97435254CA}.Release|x64.ActiveCfg = Release|x64
		{49757017-BC91-4AF3-88AB-AE97435254CA}.Release|x64.Build.0 = Release|x64
		{49757017-BC91-4AF3-88AB-AE97435254CA}.Release|x86.ActiveCfg = Release|Win32
		{49757017-BC91-4AF3-88AB-AE97435254CA}.Release|x86.Build.0 = Release|Win32
	EndGlobalSection
	GlobalSection(SolutionProperties) = preSolution
		HideSolutionNode = FALSE
	EndGlobalSection
	GlobalSection(ExtensibilityGlobals) = postSolution
		SolutionGuid = {FD9BA2D4-8B5B-480F-840B-8DB30B9AC87E}
	EndGlobalSection
EndGlobal
